github.com/andreburgaud/crypt2go v1.0.0 h1:DZ/iQbNJpIibrO2gCwBE3aImwoz1jvvYbIT5z3cSjyU=
github.com/andreburgaud/crypt2go v1.0.0/go.mod h1:gnCdUGhKxQZrUU8/GJbni+BCYI6YC39PWEwiMIImJpI=
github.com/google/go-cmp v0.5.5/go.mod h1:v8dTdLbMG2kIc/vJvl+f65V22dbkXbowE6jgT/gNBxE=
github.com/gorilla/mux v1.8.0 h1:i40aqfkR1h2SlN9hojwV5ZA91wcXFOvkdNIeFDP5koI=
github.com/gorilla/mux v1.8.0/go.mod h1:DVbg23sWSpFRCP0SfiEN6jmj59UnW/n46BH5rLB71So=
github.com/pkg/errors v0.9.1 h1:FEBLx1zS214owpjy7qsBeixbURkuhQAwrK5UwLGTwt4=
github.com/pkg/errors v0.9.1/go.mod h1:bwawxfHBFNV+L2hUp1rHADufV3IMtnDRdf1r5NINEl0=
github.com/skythen/bertlv v0.1.2 h1:WzxM8pwt3M3DfDkEFqokhaPjmrdXJosCXxlCC+sSjY0=
github.com/skythen/bertlv v0.1.2/go.mod h1:2ctVtPwo4Tte08YiLCAgrcP04V9y6gB9gS8MTlKHUuk=
golang.org/x/xerrors v0.0.0-20191204190536-9bdfabe68543/go.mod h1:I/5z698sn9Ka8TeJc9MKroUUfqBBauWjQqLJ2OPfmY0=
